
Microsoft Visual Studio Solution File, Format Version 12.00
# Visual Studio Version 17
VisualStudioVersion = 17.1.31903.286
MinimumVisualStudioVersion = 10.0.40219.1
Project("{9A19103F-16F7-4668-BE54-9A1E7A4F7556}") = "AdventOfCode2021", "2021\AdventOfCode2021.csproj", "{26CBE5AE-1485-4D98-9BB9-FAD328F73EFA}"
EndProject
Project("{9A19103F-16F7-4668-BE54-9A1E7A4F7556}") = "AdventOfCode2020", "2020\AdventOfCode2020.csproj", "{18EA12B9-65A8-4940-8233-179AF6E78DFD}"
EndProject
Project("{9A19103F-16F7-4668-BE54-9A1E7A4F7556}") = "AdventOfCode2019", "2019\AdventOfCode2019.csproj", "{D24091CF-AB3B-46DB-8EC4-9854F014D734}"
EndProject
Project("{9A19103F-16F7-4668-BE54-9A1E7A4F7556}") = "AdventOfCode2018", "2018\AdventOfCode2018.csproj", "{FB5B784F-242F-4CB2-87C5-46A1439334CB}"
EndProject
Project("{9A19103F-16F7-4668-BE54-9A1E7A4F7556}") = "AdventOfCode2022", "2022\AdventOfCode2022.csproj", "{77496F26-755F-4C25-96BB-107D6E1CEEB9}"
EndProject
Project("{9A19103F-16F7-4668-BE54-9A1E7A4F7556}") = "AdventOfCode2023", "2023\AdventOfCode2023.csproj", "{A7D060BB-DF25-4A24-BB25-2A6065EDF999}"
EndProject
Project("{FAE04EC0-301F-11D3-BF4B-00C04F79EFBC}") = "AdventOfCode2024", "2024\AdventOfCode2024.csproj", "{C97CF99A-A5F0-4791-5EFA-7BF2BA181463}"
EndProject
Global
	GlobalSection(SolutionConfigurationPlatforms) = preSolution
		Debug|Any CPU = Debug|Any CPU
		Release|Any CPU = Release|Any CPU
	EndGlobalSection
	GlobalSection(ProjectConfigurationPlatforms) = postSolution
		{26CBE5AE-1485-4D98-9BB9-FAD328F73EFA}.Debug|Any CPU.ActiveCfg = Debug|Any CPU
		{26CBE5AE-1485-4D98-9BB9-FAD328F73EFA}.Debug|Any CPU.Build.0 = Debug|Any CPU
		{26CBE5AE-1485-4D98-9BB9-FAD328F73EFA}.Release|Any CPU.ActiveCfg = Release|Any CPU
		{26CBE5AE-1485-4D98-9BB9-FAD328F73EFA}.Release|Any CPU.Build.0 = Release|Any CPU
		{18EA12B9-65A8-4940-8233-179AF6E78DFD}.Debug|Any CPU.ActiveCfg = Debug|Any CPU
		{18EA12B9-65A8-4940-8233-179AF6E78DFD}.Debug|Any CPU.Build.0 = Debug|Any CPU
		{18EA12B9-65A8-4940-8233-179AF6E78DFD}.Release|Any CPU.ActiveCfg = Release|Any CPU
		{18EA12B9-65A8-4940-8233-179AF6E78DFD}.Release|Any CPU.Build.0 = Release|Any CPU
		{D24091CF-AB3B-46DB-8EC4-9854F014D734}.Debug|Any CPU.ActiveCfg = Debug|Any CPU
		{D24091CF-AB3B-46DB-8EC4-9854F014D734}.Debug|Any CPU.Build.0 = Debug|Any CPU
		{D24091CF-AB3B-46DB-8EC4-9854F014D734}.Release|Any CPU.ActiveCfg = Release|Any CPU
		{D24091CF-AB3B-46DB-8EC4-9854F014D734}.Release|Any CPU.Build.0 = Release|Any CPU
		{FB5B784F-242F-4CB2-87C5-46A1439334CB}.Debug|Any CPU.ActiveCfg = Debug|Any CPU
		{FB5B784F-242F-4CB2-87C5-46A1439334CB}.Debug|Any CPU.Build.0 = Debug|Any CPU
		{FB5B784F-242F-4CB2-87C5-46A1439334CB}.Release|Any CPU.ActiveCfg = Release|Any CPU
		{FB5B784F-242F-4CB2-87C5-46A1439334CB}.Release|Any CPU.Build.0 = Release|Any CPU
		{77496F26-755F-4C25-96BB-107D6E1CEEB9}.Debug|Any CPU.ActiveCfg = Debug|Any CPU
		{77496F26-755F-4C25-96BB-107D6E1CEEB9}.Debug|Any CPU.Build.0 = Debug|Any CPU
		{77496F26-755F-4C25-96BB-107D6E1CEEB9}.Release|Any CPU.ActiveCfg = Release|Any CPU
		{77496F26-755F-4C25-96BB-107D6E1CEEB9}.Release|Any CPU.Build.0 = Release|Any CPU
		{A7D060BB-DF25-4A24-BB25-2A6065EDF999}.Debug|Any CPU.ActiveCfg = Debug|Any CPU
		{A7D060BB-DF25-4A24-BB25-2A6065EDF999}.Debug|Any CPU.Build.0 = Debug|Any CPU
		{A7D060BB-DF25-4A24-BB25-2A6065EDF999}.Release|Any CPU.ActiveCfg = Release|Any CPU
		{A7D060BB-DF25-4A24-BB25-2A6065EDF999}.Release|Any CPU.Build.0 = Release|Any CPU
		{C97CF99A-A5F0-4791-5EFA-7BF2BA181463}.Debug|Any CPU.ActiveCfg = Debug|Any CPU
		{C97CF99A-A5F0-4791-5EFA-7BF2BA181463}.Debug|Any CPU.Build.0 = Debug|Any CPU
		{C97CF99A-A5F0-4791-5EFA-7BF2BA181463}.Release|Any CPU.ActiveCfg = Release|Any CPU
		{C97CF99A-A5F0-4791-5EFA-7BF2BA181463}.Release|Any CPU.Build.0 = Release|Any CPU
	EndGlobalSection
	GlobalSection(SolutionProperties) = preSolution
		HideSolutionNode = FALSE
	EndGlobalSection
	GlobalSection(ExtensibilityGlobals) = postSolution
		SolutionGuid = {CE732319-8B73-4F82-B920-9D63A932F8A2}
	EndGlobalSection
EndGlobal
